
Microsoft Visual Studio Solution File, Format Version 12.00
# Visual Studio Version 17
VisualStudioVersion = 17.0.31912.275
MinimumVisualStudioVersion = 10.0.40219.1
Project("{FAE04EC0-301F-11D3-BF4B-00C04F79EFBC}") = "D3T2", "D3T2.csproj", "{C5BFC303-43BF-4ECD-835F-EAA47F4288E3}"
EndProject
Global
	GlobalSection(SolutionConfigurationPlatforms) = preSolution
		Debug|Any CPU = Debug|Any CPU
		Release|Any CPU = Release|Any CPU
	EndGlobalSection
	GlobalSection(ProjectConfigurationPlatforms) = postSolution
		{C5BFC303-43BF-4ECD-835F-EAA47F4288E3}.Debug|Any CPU.ActiveCfg = Debug|Any CPU
		{C5BFC303-43BF-4ECD-835F-EAA47F4288E3}.Debug|Any CPU.Build.0 = Debug|Any CPU
		{C5BFC303-43BF-4ECD-835F-EAA47F4288E3}.Release|Any CPU.ActiveCfg = Release|Any CPU
		{C5BFC303-43BF-4ECD-835F-EAA47F4288E3}.Release|Any CPU.Build.0 = Release|Any CPU
	EndGlobalSection
	GlobalSection(SolutionProperties) = preSolution
		HideSolutionNode = FALSE
	EndGlobalSection
	GlobalSection(ExtensibilityGlobals) = postSolution
		SolutionGuid = {740C4938-AB16-4AFC-8D2F-2DEC20F65AAC}
	EndGlobalSection
EndGlobal
